
Microsoft Visual Studio Solution File, Format Version 12.00
# Visual Studio Version 17
VisualStudioVersion = 17.6.33801.468
MinimumVisualStudioVersion = 10.0.40219.1
Project("{FAE04EC0-301F-11D3-BF4B-00C04F79EFBC}") = "sa-bitsion", "sa-bitsion.csproj", "{02DB1781-7055-4DE0-9C6B-0A7E551EFDB6}"
EndProject
Project("{FAE04EC0-301F-11D3-BF4B-00C04F79EFBC}") = "sa-bitsion-DAL", "..\sa-bitsion-DAL\sa-bitsion-DAL.csproj", "{547D7120-19F5-4A15-8751-336F62AC0EF5}"
EndProject
Project("{FAE04EC0-301F-11D3-BF4B-00C04F79EFBC}") = "sa-bitsion-BLL", "..\sa-bitsion-BLL\sa-bitsion-BLL.csproj", "{396F3449-0DC4-40EE-BFB3-8172358FB73F}"
EndProject
Global
	GlobalSection(SolutionConfigurationPlatforms) = preSolution
		Debug|Any CPU = Debug|Any CPU
		Release|Any CPU = Release|Any CPU
	EndGlobalSection
	GlobalSection(ProjectConfigurationPlatforms) = postSolution
		{02DB1781-7055-4DE0-9C6B-0A7E551EFDB6}.Debug|Any CPU.ActiveCfg = Debug|Any CPU
		{02DB1781-7055-4DE0-9C6B-0A7E551EFDB6}.Debug|Any CPU.Build.0 = Debug|Any CPU
		{02DB1781-7055-4DE0-9C6B-0A7E551EFDB6}.Release|Any CPU.ActiveCfg = Release|Any CPU
		{02DB1781-7055-4DE0-9C6B-0A7E551EFDB6}.Release|Any CPU.Build.0 = Release|Any CPU
		{547D7120-19F5-4A15-8751-336F62AC0EF5}.Debug|Any CPU.ActiveCfg = Debug|Any CPU
		{547D7120-19F5-4A15-8751-336F62AC0EF5}.Debug|Any CPU.Build.0 = Debug|Any CPU
		{547D7120-19F5-4A15-8751-336F62AC0EF5}.Release|Any CPU.ActiveCfg = Release|Any CPU
		{547D7120-19F5-4A15-8751-336F62AC0EF5}.Release|Any CPU.Build.0 = Release|Any CPU
		{396F3449-0DC4-40EE-BFB3-8172358FB73F}.Debug|Any CPU.ActiveCfg = Debug|Any CPU
		{396F3449-0DC4-40EE-BFB3-8172358FB73F}.Debug|Any CPU.Build.0 = Debug|Any CPU
		{396F3449-0DC4-40EE-BFB3-8172358FB73F}.Release|Any CPU.ActiveCfg = Release|Any CPU
		{396F3449-0DC4-40EE-BFB3-8172358FB73F}.Release|Any CPU.Build.0 = Release|Any CPU
	EndGlobalSection
	GlobalSection(SolutionProperties) = preSolution
		HideSolutionNode = FALSE
	EndGlobalSection
	GlobalSection(ExtensibilityGlobals) = postSolution
		SolutionGuid = {00F89655-0DC4-4D0E-AB03-1C180FED0DDF}
	EndGlobalSection
EndGlobal
